
Microsoft Visual Studio Solution File, Format Version 12.00
# Visual Studio Version 17
VisualStudioVersion = 17.5.002.0
MinimumVisualStudioVersion = 10.0.40219.1
Project("{9A19103F-16F7-4668-BE54-9A1E7A4F7556}") = "ToDoList", "ToDoList.csproj", "{B39E9F54-6325-4F63-8EC1-F33969F424CF}"
EndProject
Global
	GlobalSection(SolutionConfigurationPlatforms) = preSolution
		Debug|Any CPU = Debug|Any CPU
		Release|Any CPU = Release|Any CPU
	EndGlobalSection
	GlobalSection(ProjectConfigurationPlatforms) = postSolution
		{B39E9F54-6325-4F63-8EC1-F33969F424CF}.Debug|Any CPU.ActiveCfg = Debug|Any CPU
		{B39E9F54-6325-4F63-8EC1-F33969F424CF}.Debug|Any CPU.Build.0 = Debug|Any CPU
		{B39E9F54-6325-4F63-8EC1-F33969F424CF}.Release|Any CPU.ActiveCfg = Release|Any CPU
		{B39E9F54-6325-4F63-8EC1-F33969F424CF}.Release|Any CPU.Build.0 = Release|Any CPU
	EndGlobalSection
	GlobalSection(SolutionProperties) = preSolution
		HideSolutionNode = FALSE
	EndGlobalSection
	GlobalSection(ExtensibilityGlobals) = postSolution
		SolutionGuid = {BABC25D2-B6C1-428E-B0BE-710916E0BDC1}
	EndGlobalSection
EndGlobal
